
Microsoft Visual Studio Solution File, Format Version 12.00
Project("{FAE04EC0-301F-11D3-BF4B-00C04F79EFBC}") = "ex00", "ex00\ex00.csproj", "{70EE1CCF-DAEA-413E-9728-79E83D9F9658}"
EndProject
Project("{FAE04EC0-301F-11D3-BF4B-00C04F79EFBC}") = "ex01", "ex01\ex01.csproj", "{1ECA7C35-70C1-40AD-81AB-1B7B19071D83}"
EndProject
Global
	GlobalSection(SolutionConfigurationPlatforms) = preSolution
		Debug|Any CPU = Debug|Any CPU
		Release|Any CPU = Release|Any CPU
	EndGlobalSection
	GlobalSection(ProjectConfigurationPlatforms) = postSolution
		{70EE1CCF-DAEA-413E-9728-79E83D9F9658}.Debug|Any CPU.ActiveCfg = Debug|Any CPU
		{70EE1CCF-DAEA-413E-9728-79E83D9F9658}.Debug|Any CPU.Build.0 = Debug|Any CPU
		{70EE1CCF-DAEA-413E-9728-79E83D9F9658}.Release|Any CPU.ActiveCfg = Release|Any CPU
		{70EE1CCF-DAEA-413E-9728-79E83D9F9658}.Release|Any CPU.Build.0 = Release|Any CPU
		{1ECA7C35-70C1-40AD-81AB-1B7B19071D83}.Debug|Any CPU.ActiveCfg = Debug|Any CPU
		{1ECA7C35-70C1-40AD-81AB-1B7B19071D83}.Debug|Any CPU.Build.0 = Debug|Any CPU
		{1ECA7C35-70C1-40AD-81AB-1B7B19071D83}.Release|Any CPU.ActiveCfg = Release|Any CPU
		{1ECA7C35-70C1-40AD-81AB-1B7B19071D83}.Release|Any CPU.Build.0 = Release|Any CPU
	EndGlobalSection
EndGlobal
