
Microsoft Visual Studio Solution File, Format Version 12.00
Project("{FAE04EC0-301F-11D3-BF4B-00C04F79EFBC}") = "ex01", "ex01\ex01.csproj", "{712704AF-58BB-4717-9F36-4CDC782443B2}"
EndProject
Project("{FAE04EC0-301F-11D3-BF4B-00C04F79EFBC}") = "ex00", "ex00\ex00.csproj", "{012A1331-E535-41FC-83C9-7E05B68AD442}"
EndProject
Global
	GlobalSection(SolutionConfigurationPlatforms) = preSolution
		Debug|Any CPU = Debug|Any CPU
		Release|Any CPU = Release|Any CPU
	EndGlobalSection
	GlobalSection(ProjectConfigurationPlatforms) = postSolution
		{712704AF-58BB-4717-9F36-4CDC782443B2}.Debug|Any CPU.ActiveCfg = Debug|Any CPU
		{712704AF-58BB-4717-9F36-4CDC782443B2}.Debug|Any CPU.Build.0 = Debug|Any CPU
		{712704AF-58BB-4717-9F36-4CDC782443B2}.Release|Any CPU.ActiveCfg = Release|Any CPU
		{712704AF-58BB-4717-9F36-4CDC782443B2}.Release|Any CPU.Build.0 = Release|Any CPU
		{012A1331-E535-41FC-83C9-7E05B68AD442}.Debug|Any CPU.ActiveCfg = Debug|Any CPU
		{012A1331-E535-41FC-83C9-7E05B68AD442}.Debug|Any CPU.Build.0 = Debug|Any CPU
		{012A1331-E535-41FC-83C9-7E05B68AD442}.Release|Any CPU.ActiveCfg = Release|Any CPU
		{012A1331-E535-41FC-83C9-7E05B68AD442}.Release|Any CPU.Build.0 = Release|Any CPU
	EndGlobalSection
EndGlobal
